
Microsoft Visual Studio Solution File, Format Version 12.00
# Visual Studio Version 17
VisualStudioVersion = 17.14.36414.22 d17.14
MinimumVisualStudioVersion = 10.0.40219.1
Project("{FAE04EC0-301F-11D3-BF4B-00C04F79EFBC}") = "Laba23OOp", "Laba23OOp\Laba23OOp.csproj", "{917AD598-874E-4561-A168-04A9615C9A14}"
EndProject
Global
	GlobalSection(SolutionConfigurationPlatforms) = preSolution
		Debug|Any CPU = Debug|Any CPU
		Release|Any CPU = Release|Any CPU
	EndGlobalSection
	GlobalSection(ProjectConfigurationPlatforms) = postSolution
		{917AD598-874E-4561-A168-04A9615C9A14}.Debug|Any CPU.ActiveCfg = Debug|Any CPU
		{917AD598-874E-4561-A168-04A9615C9A14}.Debug|Any CPU.Build.0 = Debug|Any CPU
		{917AD598-874E-4561-A168-04A9615C9A14}.Release|Any CPU.ActiveCfg = Release|Any CPU
		{917AD598-874E-4561-A168-04A9615C9A14}.Release|Any CPU.Build.0 = Release|Any CPU
	EndGlobalSection
	GlobalSection(SolutionProperties) = preSolution
		HideSolutionNode = FALSE
	EndGlobalSection
	GlobalSection(ExtensibilityGlobals) = postSolution
		SolutionGuid = {F5662C13-A2FC-47E1-9B46-13115DE9EE17}
	EndGlobalSection
EndGlobal
